
Microsoft Visual Studio Solution File, Format Version 12.00
# Visual Studio Version 17
VisualStudioVersion = 17.8.34408.163
MinimumVisualStudioVersion = 10.0.40219.1
Project("{9A19103F-16F7-4668-BE54-9A1E7A4F7556}") = "Mithril.Hr.Api", "src\Mithril.Hr.Api\Mithril.Hr.Api.csproj", "{4E0C62FA-DA0D-4B79-A2C2-4BC3CA26F847}"
EndProject
Project("{2150E333-8FDC-42A3-9474-1A3956D46DE8}") = "src", "src", "{EACD63D2-7BDC-4D5F-B89E-11C009ECD774}"
EndProject
Project("{2150E333-8FDC-42A3-9474-1A3956D46DE8}") = "tests", "tests", "{181EB951-6170-4BE6-B502-7A49CC689102}"
EndProject
Project("{2150E333-8FDC-42A3-9474-1A3956D46DE8}") = "deployment", "deployment", "{1ECD61CB-C1FB-4CCF-BC82-F96136502240}"
	ProjectSection(SolutionItems) = preProject
		.editorconfig = .editorconfig
	EndProjectSection
EndProject
Project("{9A19103F-16F7-4668-BE54-9A1E7A4F7556}") = "Mithril.Hr.Api.Tests", "tests\Mithril.Hr.Api.Tests\Mithril.Hr.Api.Tests.csproj", "{F14ED7BA-8854-4AA0-AFCF-1BB213E6B5C2}"
EndProject
Project("{2150E333-8FDC-42A3-9474-1A3956D46DE8}") = "solution", "solution", "{FD3996F9-E013-40E0-B1F4-ED605324A7E3}"
	ProjectSection(SolutionItems) = preProject
		.editorconfig = .editorconfig
		.gitignore = .gitignore
		README.md = README.md
	EndProjectSection
EndProject
Project("{9A19103F-16F7-4668-BE54-9A1E7A4F7556}") = "Mithril.Hr.Application", "src\Mithril.Hr.Application\Mithril.Hr.Application.csproj", "{2AD81A73-31BF-471E-AEB8-415B3CB64850}"
EndProject
Project("{9A19103F-16F7-4668-BE54-9A1E7A4F7556}") = "Mithril.Hr.Application.Tests", "tests\Mithril.Hr.Application.Tests\Mithril.Hr.Application.Tests.csproj", "{0CF24FC9-E900-4C6D-AC5C-4B57895D4041}"
EndProject
Project("{FAE04EC0-301F-11D3-BF4B-00C04F79EFBC}") = "Mithril.Hr.Domain", "src\Mithril.Hr.Domain\Mithril.Hr.Domain.csproj", "{7DCC48C2-E5F5-D65B-D243-F93BD9D2ED4D}"
EndProject
Project("{FAE04EC0-301F-11D3-BF4B-00C04F79EFBC}") = "Mithril.Hr.Domain.Tests", "tests\Mithril.Hr.Domain.Tests\Mithril.Hr.Domain.Tests.csproj", "{F5A520F4-5199-7C4B-173B-850ECF8A603F}"
EndProject
Project("{FAE04EC0-301F-11D3-BF4B-00C04F79EFBC}") = "Mithril.Hr.Infrastructure", "src\Mithril.Hr.Infrastructure\Mithril.Hr.Infrastructure.csproj", "{4B5B0606-078B-7484-AF9D-167117664611}"
EndProject
Project("{FAE04EC0-301F-11D3-BF4B-00C04F79EFBC}") = "Mithril.Hr.Infrastructure.Tests", "tests\Mithril.Hr.Infrastructure.Tests\Mithril.Hr.Infrastructure.Tests.csproj", "{B6B877A9-5FC6-C80F-6B9A-BCC44F7F1EF3}"
EndProject
Global
	GlobalSection(SolutionConfigurationPlatforms) = preSolution
		Debug|Any CPU = Debug|Any CPU
		Release|Any CPU = Release|Any CPU
	EndGlobalSection
	GlobalSection(ProjectConfigurationPlatforms) = postSolution
		{4E0C62FA-DA0D-4B79-A2C2-4BC3CA26F847}.Debug|Any CPU.ActiveCfg = Debug|Any CPU
		{4E0C62FA-DA0D-4B79-A2C2-4BC3CA26F847}.Debug|Any CPU.Build.0 = Debug|Any CPU
		{4E0C62FA-DA0D-4B79-A2C2-4BC3CA26F847}.Release|Any CPU.ActiveCfg = Release|Any CPU
		{4E0C62FA-DA0D-4B79-A2C2-4BC3CA26F847}.Release|Any CPU.Build.0 = Release|Any CPU
		{F14ED7BA-8854-4AA0-AFCF-1BB213E6B5C2}.Debug|Any CPU.ActiveCfg = Debug|Any CPU
		{F14ED7BA-8854-4AA0-AFCF-1BB213E6B5C2}.Debug|Any CPU.Build.0 = Debug|Any CPU
		{F14ED7BA-8854-4AA0-AFCF-1BB213E6B5C2}.Release|Any CPU.ActiveCfg = Release|Any CPU
		{F14ED7BA-8854-4AA0-AFCF-1BB213E6B5C2}.Release|Any CPU.Build.0 = Release|Any CPU
		{2AD81A73-31BF-471E-AEB8-415B3CB64850}.Debug|Any CPU.ActiveCfg = Debug|Any CPU
		{2AD81A73-31BF-471E-AEB8-415B3CB64850}.Debug|Any CPU.Build.0 = Debug|Any CPU
		{2AD81A73-31BF-471E-AEB8-415B3CB64850}.Release|Any CPU.ActiveCfg = Release|Any CPU
		{2AD81A73-31BF-471E-AEB8-415B3CB64850}.Release|Any CPU.Build.0 = Release|Any CPU
		{0CF24FC9-E900-4C6D-AC5C-4B57895D4041}.Debug|Any CPU.ActiveCfg = Debug|Any CPU
		{0CF24FC9-E900-4C6D-AC5C-4B57895D4041}.Debug|Any CPU.Build.0 = Debug|Any CPU
		{0CF24FC9-E900-4C6D-AC5C-4B57895D4041}.Release|Any CPU.ActiveCfg = Release|Any CPU
		{0CF24FC9-E900-4C6D-AC5C-4B57895D4041}.Release|Any CPU.Build.0 = Release|Any CPU
		{7DCC48C2-E5F5-D65B-D243-F93BD9D2ED4D}.Debug|Any CPU.ActiveCfg = Debug|Any CPU
		{7DCC48C2-E5F5-D65B-D243-F93BD9D2ED4D}.Debug|Any CPU.Build.0 = Debug|Any CPU
		{7DCC48C2-E5F5-D65B-D243-F93BD9D2ED4D}.Release|Any CPU.ActiveCfg = Release|Any CPU
		{7DCC48C2-E5F5-D65B-D243-F93BD9D2ED4D}.Release|Any CPU.Build.0 = Release|Any CPU
		{F5A520F4-5199-7C4B-173B-850ECF8A603F}.Debug|Any CPU.ActiveCfg = Debug|Any CPU
		{F5A520F4-5199-7C4B-173B-850ECF8A603F}.Debug|Any CPU.Build.0 = Debug|Any CPU
		{F5A520F4-5199-7C4B-173B-850ECF8A603F}.Release|Any CPU.ActiveCfg = Release|Any CPU
		{F5A520F4-5199-7C4B-173B-850ECF8A603F}.Release|Any CPU.Build.0 = Release|Any CPU
		{4B5B0606-078B-7484-AF9D-167117664611}.Debug|Any CPU.ActiveCfg = Debug|Any CPU
		{4B5B0606-078B-7484-AF9D-167117664611}.Debug|Any CPU.Build.0 = Debug|Any CPU
		{4B5B0606-078B-7484-AF9D-167117664611}.Release|Any CPU.ActiveCfg = Release|Any CPU
		{4B5B0606-078B-7484-AF9D-167117664611}.Release|Any CPU.Build.0 = Release|Any CPU
		{B6B877A9-5FC6-C80F-6B9A-BCC44F7F1EF3}.Debug|Any CPU.ActiveCfg = Debug|Any CPU
		{B6B877A9-5FC6-C80F-6B9A-BCC44F7F1EF3}.Debug|Any CPU.Build.0 = Debug|Any CPU
		{B6B877A9-5FC6-C80F-6B9A-BCC44F7F1EF3}.Release|Any CPU.ActiveCfg = Release|Any CPU
		{B6B877A9-5FC6-C80F-6B9A-BCC44F7F1EF3}.Release|Any CPU.Build.0 = Release|Any CPU
	EndGlobalSection
	GlobalSection(SolutionProperties) = preSolution
		HideSolutionNode = FALSE
	EndGlobalSection
	GlobalSection(NestedProjects) = preSolution
		{4E0C62FA-DA0D-4B79-A2C2-4BC3CA26F847} = {EACD63D2-7BDC-4D5F-B89E-11C009ECD774}
		{F14ED7BA-8854-4AA0-AFCF-1BB213E6B5C2} = {181EB951-6170-4BE6-B502-7A49CC689102}
		{2AD81A73-31BF-471E-AEB8-415B3CB64850} = {EACD63D2-7BDC-4D5F-B89E-11C009ECD774}
		{0CF24FC9-E900-4C6D-AC5C-4B57895D4041} = {181EB951-6170-4BE6-B502-7A49CC689102}
		{7DCC48C2-E5F5-D65B-D243-F93BD9D2ED4D} = {EACD63D2-7BDC-4D5F-B89E-11C009ECD774}
		{F5A520F4-5199-7C4B-173B-850ECF8A603F} = {181EB951-6170-4BE6-B502-7A49CC689102}
		{4B5B0606-078B-7484-AF9D-167117664611} = {EACD63D2-7BDC-4D5F-B89E-11C009ECD774}
		{B6B877A9-5FC6-C80F-6B9A-BCC44F7F1EF3} = {181EB951-6170-4BE6-B502-7A49CC689102}
	EndGlobalSection
	GlobalSection(ExtensibilityGlobals) = postSolution
		SolutionGuid = {A5182A81-C446-412D-BB99-C969D78CD896}
	EndGlobalSection
EndGlobal
