
Microsoft Visual Studio Solution File, Format Version 12.00
# Visual Studio Version 17
VisualStudioVersion = 17.8.34408.163
MinimumVisualStudioVersion = 10.0.40219.1
Project("{9A19103F-16F7-4668-BE54-9A1E7A4F7556}") = "Mithril.Hr.Api", "src\Mithril.Hr.Api\Mithril.Hr.Api.csproj", "{4E0C62FA-DA0D-4B79-A2C2-4BC3CA26F847}"
EndProject
Project("{FAE04EC0-301F-11D3-BF4B-00C04F79EFBC}") = "Mithril.Hr", "src\Mithril.Hr\Mithril.Hr.csproj", "{F2FBA4EA-D844-4194-AF42-C8C5A23F58BE}"
EndProject
Project("{2150E333-8FDC-42A3-9474-1A3956D46DE8}") = "src", "src", "{EACD63D2-7BDC-4D5F-B89E-11C009ECD774}"
EndProject
Project("{2150E333-8FDC-42A3-9474-1A3956D46DE8}") = "tests", "tests", "{181EB951-6170-4BE6-B502-7A49CC689102}"
EndProject
Project("{2150E333-8FDC-42A3-9474-1A3956D46DE8}") = "deployment", "deployment", "{1ECD61CB-C1FB-4CCF-BC82-F96136502240}"
EndProject
Project("{FAE04EC0-301F-11D3-BF4B-00C04F79EFBC}") = "Mithril.Hr.Tests", "tests\Mithril.Hr.Tests\Mithril.Hr.Tests.csproj", "{32C5EC06-5B59-4AF8-9B43-ED60DF95D483}"
EndProject
Project("{FAE04EC0-301F-11D3-BF4B-00C04F79EFBC}") = "Mithril.Hr.Api.Tests", "tests\Mithril.Hr.Api.Tests\Mithril.Hr.Api.Tests.csproj", "{F14ED7BA-8854-4AA0-AFCF-1BB213E6B5C2}"
EndProject
Project("{2150E333-8FDC-42A3-9474-1A3956D46DE8}") = "solution", "solution", "{FD3996F9-E013-40E0-B1F4-ED605324A7E3}"
	ProjectSection(SolutionItems) = preProject
		README.md = README.md
	EndProjectSection
EndProject
Global
	GlobalSection(SolutionConfigurationPlatforms) = preSolution
		Debug|Any CPU = Debug|Any CPU
		Release|Any CPU = Release|Any CPU
	EndGlobalSection
	GlobalSection(ProjectConfigurationPlatforms) = postSolution
		{4E0C62FA-DA0D-4B79-A2C2-4BC3CA26F847}.Debug|Any CPU.ActiveCfg = Debug|Any CPU
		{4E0C62FA-DA0D-4B79-A2C2-4BC3CA26F847}.Debug|Any CPU.Build.0 = Debug|Any CPU
		{4E0C62FA-DA0D-4B79-A2C2-4BC3CA26F847}.Release|Any CPU.ActiveCfg = Release|Any CPU
		{4E0C62FA-DA0D-4B79-A2C2-4BC3CA26F847}.Release|Any CPU.Build.0 = Release|Any CPU
		{F2FBA4EA-D844-4194-AF42-C8C5A23F58BE}.Debug|Any CPU.ActiveCfg = Debug|Any CPU
		{F2FBA4EA-D844-4194-AF42-C8C5A23F58BE}.Debug|Any CPU.Build.0 = Debug|Any CPU
		{F2FBA4EA-D844-4194-AF42-C8C5A23F58BE}.Release|Any CPU.ActiveCfg = Release|Any CPU
		{F2FBA4EA-D844-4194-AF42-C8C5A23F58BE}.Release|Any CPU.Build.0 = Release|Any CPU
		{32C5EC06-5B59-4AF8-9B43-ED60DF95D483}.Debug|Any CPU.ActiveCfg = Debug|Any CPU
		{32C5EC06-5B59-4AF8-9B43-ED60DF95D483}.Debug|Any CPU.Build.0 = Debug|Any CPU
		{32C5EC06-5B59-4AF8-9B43-ED60DF95D483}.Release|Any CPU.ActiveCfg = Release|Any CPU
		{32C5EC06-5B59-4AF8-9B43-ED60DF95D483}.Release|Any CPU.Build.0 = Release|Any CPU
		{F14ED7BA-8854-4AA0-AFCF-1BB213E6B5C2}.Debug|Any CPU.ActiveCfg = Debug|Any CPU
		{F14ED7BA-8854-4AA0-AFCF-1BB213E6B5C2}.Debug|Any CPU.Build.0 = Debug|Any CPU
		{F14ED7BA-8854-4AA0-AFCF-1BB213E6B5C2}.Release|Any CPU.ActiveCfg = Release|Any CPU
		{F14ED7BA-8854-4AA0-AFCF-1BB213E6B5C2}.Release|Any CPU.Build.0 = Release|Any CPU
	EndGlobalSection
	GlobalSection(SolutionProperties) = preSolution
		HideSolutionNode = FALSE
	EndGlobalSection
	GlobalSection(NestedProjects) = preSolution
		{4E0C62FA-DA0D-4B79-A2C2-4BC3CA26F847} = {EACD63D2-7BDC-4D5F-B89E-11C009ECD774}
		{F2FBA4EA-D844-4194-AF42-C8C5A23F58BE} = {EACD63D2-7BDC-4D5F-B89E-11C009ECD774}
		{32C5EC06-5B59-4AF8-9B43-ED60DF95D483} = {181EB951-6170-4BE6-B502-7A49CC689102}
		{F14ED7BA-8854-4AA0-AFCF-1BB213E6B5C2} = {181EB951-6170-4BE6-B502-7A49CC689102}
	EndGlobalSection
	GlobalSection(ExtensibilityGlobals) = postSolution
		SolutionGuid = {A5182A81-C446-412D-BB99-C969D78CD896}
	EndGlobalSection
EndGlobal
